<?xml version="1.0" encoding="utf-8"?>
<Project ToolsVersion="4.0" xmlns="http://schemas.microsoft.com/developer/msbuild/2003">
  <ItemGroup>
    <Filter Include="include">
      <UniqueIdentifier>{93995380-89BD-4b04-88EB-625FBE52EBFB}</UniqueIdentifier>
      <Extensions>h;hh;hpp;hxx;hm;inl;inc;xsd</Extensions>
    </Filter>
    <Filter Include="source">
      <UniqueIdentifier>{4FC737F1-C7A5-4376-A066-2A32D752A2FF}</UniqueIdentifier>
      <Extensions>cpp;c;cc;cxx;def;odl;idl;hpj;bat;asm;asmx</Extensions>
    </Filter>
    <Filter Include="include\internal">
      <UniqueIdentifier>{3ebf70b6-8889-4339-b3a5-bb9911c9f7f2}</UniqueIdentifier>
    </Filter>
  </ItemGroup>
  <ItemGroup>
    <ClInclude Include="include\xzero.h">
      <Filter>include</Filter>
    </ClInclude>
    <ClInclude Include="include\internal\atomic.h">
      <Filter>include\internal</Filter>
    </ClInclude>
    <ClInclude Include="include\internal\debug.h">
      <Filter>include\internal</Filter>
    </ClInclude>
    <ClInclude Include="include\internal\file.h">
      <Filter>include\internal</Filter>
    </ClInclude>
    <ClInclude Include="include\internal\list.h">
      <Filter>include\internal</Filter>
    </ClInclude>
    <ClInclude Include="include\internal\mempool.h">
      <Filter>include\internal</Filter>
    </ClInclude>
    <ClInclude Include="include\internal\pattern.h">
      <Filter>include\internal</Filter>
    </ClInclude>
    <ClInclude Include="include\internal\public.h">
      <Filter>include\internal</Filter>
    </ClInclude>
    <ClInclude Include="include\internal\delegate.h">
      <Filter>include\internal</Filter>
    </ClInclude>
    <ClInclude Include="include\internal\frame.h">
      <Filter>include\internal</Filter>
    </ClInclude>
    <ClInclude Include="include\internal\time.h">
      <Filter>include\internal</Filter>
    </ClInclude>
    <ClInclude Include="include\internal\code.h">
      <Filter>include\internal</Filter>
    </ClInclude>
    <ClInclude Include="include\internal\hash.h">
      <Filter>include\internal</Filter>
    </ClInclude>
    <ClInclude Include="include\internal\path.h">
      <Filter>include\internal</Filter>
    </ClInclude>
    <ClInclude Include="include\internal\script.h">
      <Filter>include\internal</Filter>
    </ClInclude>
    <ClInclude Include="include\internal\str.h">
      <Filter>include\internal</Filter>
    </ClInclude>
    <ClInclude Include="include\internal\pointer.h">
      <Filter>include\internal</Filter>
    </ClInclude>
  </ItemGroup>
  <ItemGroup>
    <ClCompile Include="source\pattern.cpp">
      <Filter>source</Filter>
    </ClCompile>
    <ClCompile Include="source\list.cpp">
      <Filter>source</Filter>
    </ClCompile>
    <ClCompile Include="source\mempool.cpp">
      <Filter>source</Filter>
    </ClCompile>
    <ClCompile Include="source\debug.cpp">
      <Filter>source</Filter>
    </ClCompile>
    <ClCompile Include="source\file.cpp">
      <Filter>source</Filter>
    </ClCompile>
    <ClCompile Include="source\frame.cpp">
      <Filter>source</Filter>
    </ClCompile>
    <ClCompile Include="source\time.cpp">
      <Filter>source</Filter>
    </ClCompile>
    <ClCompile Include="source\code.cpp">
      <Filter>source</Filter>
    </ClCompile>
    <ClCompile Include="source\hash.cpp">
      <Filter>source</Filter>
    </ClCompile>
    <ClCompile Include="source\path.cpp">
      <Filter>source</Filter>
    </ClCompile>
    <ClCompile Include="source\script.cpp">
      <Filter>source</Filter>
    </ClCompile>
    <ClCompile Include="source\str.cpp">
      <Filter>source</Filter>
    </ClCompile>
    <ClCompile Include="source\pointer.cpp">
      <Filter>source</Filter>
    </ClCompile>
  </ItemGroup>
</Project>