<?xml version="1.0" encoding="utf-8"?>
<Project ToolsVersion="4.0" xmlns="http://schemas.microsoft.com/developer/msbuild/2003">
  <ItemGroup>
    <Filter Include="include">
      <UniqueIdentifier>{93995380-89BD-4b04-88EB-625FBE52EBFB}</UniqueIdentifier>
      <Extensions>h;hh;hpp;hxx;hm;inl;inc;xsd</Extensions>
    </Filter>
    <Filter Include="source">
      <UniqueIdentifier>{4FC737F1-C7A5-4376-A066-2A32D752A2FF}</UniqueIdentifier>
      <Extensions>cpp;c;cc;cxx;def;odl;idl;hpj;bat;asm;asmx</Extensions>
    </Filter>
    <Filter Include="include\internal">
      <UniqueIdentifier>{3ebf70b6-8889-4339-b3a5-bb9911c9f7f2}</UniqueIdentifier>
    </Filter>
  </ItemGroup>
  <ItemGroup>
    <ClInclude Include="include\xzero.h">
      <Filter>include</Filter>
    </ClInclude>
    <ClInclude Include="include\internal\xcode.h">
      <Filter>include\internal</Filter>
    </ClInclude>
    <ClInclude Include="include\internal\xdebug.h">
      <Filter>include\internal</Filter>
    </ClInclude>
    <ClInclude Include="include\internal\xdelegate.h">
      <Filter>include\internal</Filter>
    </ClInclude>
    <ClInclude Include="include\internal\xfile.h">
      <Filter>include\internal</Filter>
    </ClInclude>
    <ClInclude Include="include\internal\xframe.h">
      <Filter>include\internal</Filter>
    </ClInclude>
    <ClInclude Include="include\internal\xhash.h">
      <Filter>include\internal</Filter>
    </ClInclude>
    <ClInclude Include="include\internal\xlist.h">
      <Filter>include\internal</Filter>
    </ClInclude>
    <ClInclude Include="include\internal\xmempool.h">
      <Filter>include\internal</Filter>
    </ClInclude>
    <ClInclude Include="include\internal\xpath.h">
      <Filter>include\internal</Filter>
    </ClInclude>
    <ClInclude Include="include\internal\xpattern.h">
      <Filter>include\internal</Filter>
    </ClInclude>
    <ClInclude Include="include\internal\xpointer.h">
      <Filter>include\internal</Filter>
    </ClInclude>
    <ClInclude Include="include\internal\xpublic.h">
      <Filter>include\internal</Filter>
    </ClInclude>
    <ClInclude Include="include\internal\xscript.h">
      <Filter>include\internal</Filter>
    </ClInclude>
    <ClInclude Include="include\internal\xstring.h">
      <Filter>include\internal</Filter>
    </ClInclude>
    <ClInclude Include="include\internal\xtime.h">
      <Filter>include\internal</Filter>
    </ClInclude>
  </ItemGroup>
  <ItemGroup>
    <ClCompile Include="source\xcode.cpp">
      <Filter>source</Filter>
    </ClCompile>
    <ClCompile Include="source\xdebug.cpp">
      <Filter>source</Filter>
    </ClCompile>
    <ClCompile Include="source\xfile.cpp">
      <Filter>source</Filter>
    </ClCompile>
    <ClCompile Include="source\xframe.cpp">
      <Filter>source</Filter>
    </ClCompile>
    <ClCompile Include="source\xhash.cpp">
      <Filter>source</Filter>
    </ClCompile>
    <ClCompile Include="source\xlist.cpp">
      <Filter>source</Filter>
    </ClCompile>
    <ClCompile Include="source\xmempool.cpp">
      <Filter>source</Filter>
    </ClCompile>
    <ClCompile Include="source\xpath.cpp">
      <Filter>source</Filter>
    </ClCompile>
    <ClCompile Include="source\xpattern.cpp">
      <Filter>source</Filter>
    </ClCompile>
    <ClCompile Include="source\xpointer.cpp">
      <Filter>source</Filter>
    </ClCompile>
    <ClCompile Include="source\xscript.cpp">
      <Filter>source</Filter>
    </ClCompile>
    <ClCompile Include="source\xstring.cpp">
      <Filter>source</Filter>
    </ClCompile>
    <ClCompile Include="source\xtime.cpp">
      <Filter>source</Filter>
    </ClCompile>
  </ItemGroup>
</Project>